
Microsoft Visual Studio Solution File, Format Version 12.00
# Visual Studio 15
VisualStudioVersion = 15.0.26430.4
MinimumVisualStudioVersion = 10.0.40219.1
Project("{FAE04EC0-301F-11D3-BF4B-00C04F79EFBC}") = "docs-test", "docs-test\docs-test.csproj", "{B528D26A-5371-47CB-84B5-4C3A5CD8275C}"
EndProject
Global
	GlobalSection(SolutionConfigurationPlatforms) = preSolution
		Debug|Any CPU = Debug|Any CPU
		Release|Any CPU = Release|Any CPU
	EndGlobalSection
	GlobalSection(ProjectConfigurationPlatforms) = postSolution
		{B528D26A-5371-47CB-84B5-4C3A5CD8275C}.Debug|Any CPU.ActiveCfg = Debug|Any CPU
		{B528D26A-5371-47CB-84B5-4C3A5CD8275C}.Debug|Any CPU.Build.0 = Debug|Any CPU
		{B528D26A-5371-47CB-84B5-4C3A5CD8275C}.Release|Any CPU.ActiveCfg = Release|Any CPU
		{B528D26A-5371-47CB-84B5-4C3A5CD8275C}.Release|Any CPU.Build.0 = Release|Any CPU
	EndGlobalSection
	GlobalSection(SolutionProperties) = preSolution
		HideSolutionNode = FALSE
	EndGlobalSection
EndGlobal
